// !$*UTF8*$!
{
	archiveVersion = 1;
	classes = {
	};
	objectVersion = 50;
	objects = {

/* Begin PBXBuildFile section */
		6E898B9820F04DF400C536DD /* AppDelegate.swift in Sources */ = {isa = PBXBuildFile; fileRef = 6E898B9720F04DF400C536DD /* AppDelegate.swift */; };
		6E898B9A20F04DF400C536DD /* ViewController.swift in Sources */ = {isa = PBXBuildFile; fileRef = 6E898B9920F04DF400C536DD /* ViewController.swift */; };
		6E898B9F20F04DFB00C536DD /* Assets.xcassets in Resources */ = {isa = PBXBuildFile; fileRef = 6E898B9E20F04DFB00C536DD /* Assets.xcassets */; };
		6E898BAC20F0588700C536DD /* APIManager.swift in Sources */ = {isa = PBXBuildFile; fileRef = 6E898BAB20F0588700C536DD /* APIManager.swift */; };
		6E898BAF20F058E400C536DD /* Feed.swift in Sources */ = {isa = PBXBuildFile; fileRef = 6E898BAE20F058E400C536DD /* Feed.swift */; };
		6E898BB120F0595600C536DD /* Item.swift in Sources */ = {isa = PBXBuildFile; fileRef = 6E898BB020F0595600C536DD /* Item.swift */; };
		6E898BB620F0D46900C536DD /* CustomTableViewCell.swift in Sources */ = {isa = PBXBuildFile; fileRef = 6E898BB520F0D46900C536DD /* CustomTableViewCell.swift */; };
/* End PBXBuildFile section */

/* Begin PBXFileReference section */
		6E898B9420F04DF400C536DD /* JSON_Feed.app */ = {isa = PBXFileReference; explicitFileType = wrapper.application; includeInIndex = 0; path = JSON_Feed.app; sourceTree = BUILT_PRODUCTS_DIR; };
		6E898B9720F04DF400C536DD /* AppDelegate.swift */ = {isa = PBXFileReference; lastKnownFileType = sourcecode.swift; path = AppDelegate.swift; sourceTree = "<group>"; };
		6E898B9920F04DF400C536DD /* ViewController.swift */ = {isa = PBXFileReference; lastKnownFileType = sourcecode.swift; path = ViewController.swift; sourceTree = "<group>"; };
		6E898B9E20F04DFB00C536DD /* Assets.xcassets */ = {isa = PBXFileReference; lastKnownFileType = folder.assetcatalog; path = Assets.xcassets; sourceTree = "<group>"; };
		6E898BA320F04DFB00C536DD /* Info.plist */ = {isa = PBXFileReference; lastKnownFileType = text.plist.xml; path = Info.plist; sourceTree = "<group>"; };
		6E898BAB20F0588700C536DD /* APIManager.swift */ = {isa = PBXFileReference; lastKnownFileType = sourcecode.swift; path = APIManager.swift; sourceTree = "<group>"; };
		6E898BAE20F058E400C536DD /* Feed.swift */ = {isa = PBXFileReference; lastKnownFileType = sourcecode.swift; path = Feed.swift; sourceTree = "<group>"; };
		6E898BB020F0595600C536DD /* Item.swift */ = {isa = PBXFileReference; lastKnownFileType = sourcecode.swift; path = Item.swift; sourceTree = "<group>"; };
		6E898BB520F0D46900C536DD /* CustomTableViewCell.swift */ = {isa = PBXFileReference; lastKnownFileType = sourcecode.swift; path = CustomTableViewCell.swift; sourceTree = "<group>"; };
/* End PBXFileReference section */

/* Begin PBXFrameworksBuildPhase section */
		6E898B9120F04DF400C536DD /* Frameworks */ = {
			isa = PBXFrameworksBuildPhase;
			buildActionMask = 2147483647;
			files = (
			);
			runOnlyForDeploymentPostprocessing = 0;
		};
/* End PBXFrameworksBuildPhase section */

/* Begin PBXGroup section */
		6E898B8B20F04DF400C536DD = {
			isa = PBXGroup;
			children = (
				6E898B9620F04DF400C536DD /* JSON_Feed */,
				6E898B9520F04DF400C536DD /* Products */,
			);
			sourceTree = "<group>";
		};
		6E898B9520F04DF400C536DD /* Products */ = {
			isa = PBXGroup;
			children = (
				6E898B9420F04DF400C536DD /* JSON_Feed.app */,
			);
			name = Products;
			sourceTree = "<group>";
		};
		6E898B9620F04DF400C536DD /* JSON_Feed */ = {
			isa = PBXGroup;
			children = (
				6E898B9720F04DF400C536DD /* AppDelegate.swift */,
				6E898B9920F04DF400C536DD /* ViewController.swift */,
				6E898BB720F0D47100C536DD /* Views */,
				6E898BB420F0D43800C536DD /* APIManager */,
				6E898BAD20F058D600C536DD /* Model */,
				6E898B9E20F04DFB00C536DD /* Assets.xcassets */,
				6E898BA320F04DFB00C536DD /* Info.plist */,
			);
			path = JSON_Feed;
			sourceTree = "<group>";
		};
		6E898BAD20F058D600C536DD /* Model */ = {
			isa = PBXGroup;
			children = (
				6E898BAE20F058E400C536DD /* Feed.swift */,
				6E898BB020F0595600C536DD /* Item.swift */,
			);
			path = Model;
			sourceTree = "<group>";
		};
		6E898BB420F0D43800C536DD /* APIManager */ = {
			isa = PBXGroup;
			children = (
				6E898BAB20F0588700C536DD /* APIManager.swift */,
			);
			path = APIManager;
			sourceTree = "<group>";
		};
		6E898BB720F0D47100C536DD /* Views */ = {
			isa = PBXGroup;
			children = (
				6E898BB520F0D46900C536DD /* CustomTableViewCell.swift */,
			);
			path = Views;
			sourceTree = "<group>";
		};
/* End PBXGroup section */

/* Begin PBXNativeTarget section */
		6E898B9320F04DF400C536DD /* JSON_Feed */ = {
			isa = PBXNativeTarget;
			buildConfigurationList = 6E898BA620F04DFB00C536DD /* Build configuration list for PBXNativeTarget "JSON_Feed" */;
			buildPhases = (
				6E898B9020F04DF400C536DD /* Sources */,
				6E898B9120F04DF400C536DD /* Frameworks */,
				6E898B9220F04DF400C536DD /* Resources */,
			);
			buildRules = (
			);
			dependencies = (
			);
			name = JSON_Feed;
			productName = JSON_Feed;
			productReference = 6E898B9420F04DF400C536DD /* JSON_Feed.app */;
			productType = "com.apple.product-type.application";
		};
/* End PBXNativeTarget section */

/* Begin PBXProject section */
		6E898B8C20F04DF400C536DD /* Project object */ = {
			isa = PBXProject;
			attributes = {
				LastSwiftUpdateCheck = 0930;
				LastUpgradeCheck = 0930;
				ORGANIZATIONNAME = Sourish;
				TargetAttributes = {
					6E898B9320F04DF400C536DD = {
						CreatedOnToolsVersion = 9.3;
					};
				};
			};
			buildConfigurationList = 6E898B8F20F04DF400C536DD /* Build configuration list for PBXProject "JSON_Feed" */;
			compatibilityVersion = "Xcode 9.3";
			developmentRegion = en;
			hasScannedForEncodings = 0;
			knownRegions = (
				en,
				Base,
			);
			mainGroup = 6E898B8B20F04DF400C536DD;
			productRefGroup = 6E898B9520F04DF400C536DD /* Products */;
			projectDirPath = "";
			projectRoot = "";
			targets = (
				6E898B9320F04DF400C536DD /* JSON_Feed */,
			);
		};
/* End PBXProject section */

/* Begin PBXResourcesBuildPhase section */
		6E898B9220F04DF400C536DD /* Resources */ = {
			isa = PBXResourcesBuildPhase;
			buildActionMask = 2147483647;
			files = (
				6E898B9F20F04DFB00C536DD /* Assets.xcassets in Resources */,
			);
			runOnlyForDeploymentPostprocessing = 0;
		};
/* End PBXResourcesBuildPhase section */

/* Begin PBXSourcesBuildPhase section */
		6E898B9020F04DF400C536DD /* Sources */ = {
			isa = PBXSourcesBuildPhase;
			buildActionMask = 2147483647;
			files = (
				6E898BB620F0D46900C536DD /* CustomTableViewCell.swift in Sources */,
				6E898BAC20F0588700C536DD /* APIManager.swift in Sources */,
				6E898BAF20F058E400C536DD /* Feed.swift in Sources */,
				6E898B9A20F04DF400C536DD /* ViewController.swift in Sources */,
				6E898BB120F0595600C536DD /* Item.swift in Sources */,
				6E898B9820F04DF400C536DD /* AppDelegate.swift in Sources */,
			);
			runOnlyForDeploymentPostprocessing = 0;
		};
/* End PBXSourcesBuildPhase section */

/* Begin XCBuildConfiguration section */
		6E898BA420F04DFB00C536DD /* Debug */ = {
			isa = XCBuildConfiguration;
			buildSettings = {
				ALWAYS_SEARCH_USER_PATHS = NO;
				CLANG_ANALYZER_NONNULL = YES;
				CLANG_ANALYZER_NUMBER_OBJECT_CONVERSION = YES_AGGRESSIVE;
				CLANG_CXX_LANGUAGE_STANDARD = "gnu++14";
				CLANG_CXX_LIBRARY = "libc++";
				CLANG_ENABLE_MODULES = YES;
				CLANG_ENABLE_OBJC_ARC = YES;
				CLANG_ENABLE_OBJC_WEAK = YES;
				CLANG_WARN_BLOCK_CAPTURE_AUTORELEASING = YES;
				CLANG_WARN_BOOL_CONVERSION = YES;
				CLANG_WARN_COMMA = YES;
				CLANG_WARN_CONSTANT_CONVERSION = YES;
				CLANG_WARN_DEPRECATED_OBJC_IMPLEMENTATIONS = YES;
				CLANG_WARN_DIRECT_OBJC_ISA_USAGE = YES_ERROR;
				CLANG_WARN_DOCUMENTATION_COMMENTS = YES;
				CLANG_WARN_EMPTY_BODY = YES;
				CLANG_WARN_ENUM_CONVERSION = YES;
				CLANG_WARN_INFINITE_RECURSION = YES;
				CLANG_WARN_INT_CONVERSION = YES;
				CLANG_WARN_NON_LITERAL_NULL_CONVERSION = YES;
				CLANG_WARN_OBJC_IMPLICIT_RETAIN_SELF = YES;
				CLANG_WARN_OBJC_LITERAL_CONVERSION = YES;
				CLANG_WARN_OBJC_ROOT_CLASS = YES_ERROR;
				CLANG_WARN_RANGE_LOOP_ANALYSIS = YES;
				CLANG_WARN_STRICT_PROTOTYPES = YES;
				CLANG_WARN_SUSPICIOUS_MOVE = YES;
				CLANG_WARN_UNGUARDED_AVAILABILITY = YES_AGGRESSIVE;
				CLANG_WARN_UNREACHABLE_CODE = YES;
				CLANG_WARN__DUPLICATE_METHOD_MATCH = YES;
				CODE_SIGN_IDENTITY = "iPhone Developer";
				COPY_PHASE_STRIP = NO;
				DEBUG_INFORMATION_FORMAT = dwarf;
				ENABLE_STRICT_OBJC_MSGSEND = YES;
				ENABLE_TESTABILITY = YES;
				GCC_C_LANGUAGE_STANDARD = gnu11;
				GCC_DYNAMIC_NO_PIC = NO;
				GCC_NO_COMMON_BLOCKS = YES;
				GCC_OPTIMIZATION_LEVEL = 0;
				GCC_PREPROCESSOR_DEFINITIONS = (
					"DEBUG=1",
					"$(inherited)",
				);
				GCC_WARN_64_TO_32_BIT_CONVERSION = YES;
				GCC_WARN_ABOUT_RETURN_TYPE = YES_ERROR;
				GCC_WARN_UNDECLARED_SELECTOR = YES;
				GCC_WARN_UNINITIALIZED_AUTOS = YES_AGGRESSIVE;
				GCC_WARN_UNUSED_FUNCTION = YES;
				GCC_WARN_UNUSED_VARIABLE = YES;
				IPHONEOS_DEPLOYMENT_TARGET = 11.3;
				MTL_ENABLE_DEBUG_INFO = YES;
				ONLY_ACTIVE_ARCH = YES;
				SDKROOT = iphoneos;
				SWIFT_ACTIVE_COMPILATION_CONDITIONS = DEBUG;
				SWIFT_OPTIMIZATION_LEVEL = "-Onone";
			};
			name = Debug;
		};
		6E898BA520F04DFB00C536DD /* Release */ = {
			isa = XCBuildConfiguration;
			buildSettings = {
				ALWAYS_SEARCH_USER_PATHS = NO;
				CLANG_ANALYZER_NONNULL = YES;
				CLANG_ANALYZER_NUMBER_OBJECT_CONVERSION = YES_AGGRESSIVE;
				CLANG_CXX_LANGUAGE_STANDARD = "gnu++14";
				CLANG_CXX_LIBRARY = "libc++";
				CLANG_ENABLE_MODULES = YES;
				CLANG_ENABLE_OBJC_ARC = YES;
				CLANG_ENABLE_OBJC_WEAK = YES;
				CLANG_WARN_BLOCK_CAPTURE_AUTORELEASING = YES;
				CLANG_WARN_BOOL_CONVERSION = YES;
				CLANG_WARN_COMMA = YES;
				CLANG_WARN_CONSTANT_CONVERSION = YES;
				CLANG_WARN_DEPRECATED_OBJC_IMPLEMENTATIONS = YES;
				CLANG_WARN_DIRECT_OBJC_ISA_USAGE = YES_ERROR;
				CLANG_WARN_DOCUMENTATION_COMMENTS = YES;
				CLANG_WARN_EMPTY_BODY = YES;
				CLANG_WARN_ENUM_CONVERSION = YES;
				CLANG_WARN_INFINITE_RECURSION = YES;
				CLANG_WARN_INT_CONVERSION = YES;
				CLANG_WARN_NON_LITERAL_NULL_CONVERSION = YES;
				CLANG_WARN_OBJC_IMPLICIT_RETAIN_SELF = YES;
				CLANG_WARN_OBJC_LITERAL_CONVERSION = YES;
				CLANG_WARN_OBJC_ROOT_CLASS = YES_ERROR;
				CLANG_WARN_RANGE_LOOP_ANALYSIS = YES;
				CLANG_WARN_STRICT_PROTOTYPES = YES;
				CLANG_WARN_SUSPICIOUS_MOVE = YES;
				CLANG_WARN_UNGUARDED_AVAILABILITY = YES_AGGRESSIVE;
				CLANG_WARN_UNREACHABLE_CODE = YES;
				CLANG_WARN__DUPLICATE_METHOD_MATCH = YES;
				CODE_SIGN_IDENTITY = "iPhone Developer";
				COPY_PHASE_STRIP = NO;
				DEBUG_INFORMATION_FORMAT = "dwarf-with-dsym";
				ENABLE_NS_ASSERTIONS = NO;
				ENABLE_STRICT_OBJC_MSGSEND = YES;
				GCC_C_LANGUAGE_STANDARD = gnu11;
				GCC_NO_COMMON_BLOCKS = YES;
				GCC_WARN_64_TO_32_BIT_CONVERSION = YES;
				GCC_WARN_ABOUT_RETURN_TYPE = YES_ERROR;
				GCC_WARN_UNDECLARED_SELECTOR = YES;
				GCC_WARN_UNINITIALIZED_AUTOS = YES_AGGRESSIVE;
				GCC_WARN_UNUSED_FUNCTION = YES;
				GCC_WARN_UNUSED_VARIABLE = YES;
				IPHONEOS_DEPLOYMENT_TARGET = 11.3;
				MTL_ENABLE_DEBUG_INFO = NO;
				SDKROOT = iphoneos;
				SWIFT_COMPILATION_MODE = wholemodule;
				SWIFT_OPTIMIZATION_LEVEL = "-O";
				VALIDATE_PRODUCT = YES;
			};
			name = Release;
		};
		6E898BA720F04DFB00C536DD /* Debug */ = {
			isa = XCBuildConfiguration;
			buildSettings = {
				ASSETCATALOG_COMPILER_APPICON_NAME = AppIcon;
				CODE_SIGN_STYLE = Automatic;
				INFOPLIST_FILE = JSON_Feed/Info.plist;
				LD_RUNPATH_SEARCH_PATHS = (
					"$(inherited)",
					"@executable_path/Frameworks",
				);
				PRODUCT_BUNDLE_IDENTIFIER = "com.Sourish.JSON-Feed";
				PRODUCT_NAME = "$(TARGET_NAME)";
				SWIFT_VERSION = 4.0;
				TARGETED_DEVICE_FAMILY = "1,2";
			};
			name = Debug;
		};
		6E898BA820F04DFB00C536DD /* Release */ = {
			isa = XCBuildConfiguration;
			buildSettings = {
				ASSETCATALOG_COMPILER_APPICON_NAME = AppIcon;
				CODE_SIGN_STYLE = Automatic;
				INFOPLIST_FILE = JSON_Feed/Info.plist;
				LD_RUNPATH_SEARCH_PATHS = (
					"$(inherited)",
					"@executable_path/Frameworks",
				);
				PRODUCT_BUNDLE_IDENTIFIER = "com.Sourish.JSON-Feed";
				PRODUCT_NAME = "$(TARGET_NAME)";
				SWIFT_VERSION = 4.0;
				TARGETED_DEVICE_FAMILY = "1,2";
			};
			name = Release;
		};
/* End XCBuildConfiguration section */

/* Begin XCConfigurationList section */
		6E898B8F20F04DF400C536DD /* Build configuration list for PBXProject "JSON_Feed" */ = {
			isa = XCConfigurationList;
			buildConfigurations = (
				6E898BA420F04DFB00C536DD /* Debug */,
				6E898BA520F04DFB00C536DD /* Release */,
			);
			defaultConfigurationIsVisible = 0;
			defaultConfigurationName = Release;
		};
		6E898BA620F04DFB00C536DD /* Build configuration list for PBXNativeTarget "JSON_Feed" */ = {
			isa = XCConfigurationList;
			buildConfigurations = (
				6E898BA720F04DFB00C536DD /* Debug */,
				6E898BA820F04DFB00C536DD /* Release */,
			);
			defaultConfigurationIsVisible = 0;
			defaultConfigurationName = Release;
		};
/* End XCConfigurationList section */
	};
	rootObject = 6E898B8C20F04DF400C536DD /* Project object */;
}
